// !$*UTF8*$!
{
	archiveVersion = 1;
	classes = {
	};
	objectVersion = 46;
	objects = {

/* Begin PBXBuildFile section */
		817FA1341EB255320060679F /* main.m in Sources */ = {isa = PBXBuildFile; fileRef = 817FA1331EB255320060679F /* main.m */; };
		817FA1371EB255320060679F /* AppDelegate.m in Sources */ = {isa = PBXBuildFile; fileRef = 817FA1361EB255320060679F /* AppDelegate.m */; };
		817FA13A1EB255320060679F /* ViewController.m in Sources */ = {isa = PBXBuildFile; fileRef = 817FA1391EB255320060679F /* ViewController.m */; };
		817FA13F1EB255320060679F /* Assets.xcassets in Resources */ = {isa = PBXBuildFile; fileRef = 817FA13E1EB255320060679F /* Assets.xcassets */; };
		817FA14D1EB255320060679F /* _DTouchDemoTests.m in Sources */ = {isa = PBXBuildFile; fileRef = 817FA14C1EB255320060679F /* _DTouchDemoTests.m */; };
		817FA1581EB255320060679F /* _DTouchDemoUITests.m in Sources */ = {isa = PBXBuildFile; fileRef = 817FA1571EB255320060679F /* _DTouchDemoUITests.m */; };
		817FA1671EB256860060679F /* TouchViewController.m in Sources */ = {isa = PBXBuildFile; fileRef = 817FA1661EB256860060679F /* TouchViewController.m */; };
/* End PBXBuildFile section */

/* Begin PBXContainerItemProxy section */
		817FA1491EB255320060679F /* PBXContainerItemProxy */ = {
			isa = PBXContainerItemProxy;
			containerPortal = 817FA1271EB255320060679F /* Project object */;
			proxyType = 1;
			remoteGlobalIDString = 817FA12E1EB255320060679F;
			remoteInfo = 3DTouchDemo;
		};
		817FA1541EB255320060679F /* PBXContainerItemProxy */ = {
			isa = PBXContainerItemProxy;
			containerPortal = 817FA1271EB255320060679F /* Project object */;
			proxyType = 1;
			remoteGlobalIDString = 817FA12E1EB255320060679F;
			remoteInfo = 3DTouchDemo;
		};
/* End PBXContainerItemProxy section */

/* Begin PBXFileReference section */
		817FA12F1EB255320060679F /* 3DTouchDemo.app */ = {isa = PBXFileReference; explicitFileType = wrapper.application; includeInIndex = 0; path = 3DTouchDemo.app; sourceTree = BUILT_PRODUCTS_DIR; };
		817FA1331EB255320060679F /* main.m */ = {isa = PBXFileReference; lastKnownFileType = sourcecode.c.objc; path = main.m; sourceTree = "<group>"; };
		817FA1351EB255320060679F /* AppDelegate.h */ = {isa = PBXFileReference; lastKnownFileType = sourcecode.c.h; path = AppDelegate.h; sourceTree = "<group>"; };
		817FA1361EB255320060679F /* AppDelegate.m */ = {isa = PBXFileReference; lastKnownFileType = sourcecode.c.objc; path = AppDelegate.m; sourceTree = "<group>"; };
		817FA1381EB255320060679F /* ViewController.h */ = {isa = PBXFileReference; lastKnownFileType = sourcecode.c.h; path = ViewController.h; sourceTree = "<group>"; };
		817FA1391EB255320060679F /* ViewController.m */ = {isa = PBXFileReference; lastKnownFileType = sourcecode.c.objc; path = ViewController.m; sourceTree = "<group>"; };
		817FA13E1EB255320060679F /* Assets.xcassets */ = {isa = PBXFileReference; lastKnownFileType = folder.assetcatalog; path = Assets.xcassets; sourceTree = "<group>"; };
		817FA1431EB255320060679F /* Info.plist */ = {isa = PBXFileReference; lastKnownFileType = text.plist.xml; path = Info.plist; sourceTree = "<group>"; };
		817FA1481EB255320060679F /* 3DTouchDemoTests.xctest */ = {isa = PBXFileReference; explicitFileType = wrapper.cfbundle; includeInIndex = 0; path = 3DTouchDemoTests.xctest; sourceTree = BUILT_PRODUCTS_DIR; };
		817FA14C1EB255320060679F /* _DTouchDemoTests.m */ = {isa = PBXFileReference; lastKnownFileType = sourcecode.c.objc; path = _DTouchDemoTests.m; sourceTree = "<group>"; };
		817FA14E1EB255320060679F /* Info.plist */ = {isa = PBXFileReference; lastKnownFileType = text.plist.xml; path = Info.plist; sourceTree = "<group>"; };
		817FA1531EB255320060679F /* 3DTouchDemoUITests.xctest */ = {isa = PBXFileReference; explicitFileType = wrapper.cfbundle; includeInIndex = 0; path = 3DTouchDemoUITests.xctest; sourceTree = BUILT_PRODUCTS_DIR; };
		817FA1571EB255320060679F /* _DTouchDemoUITests.m */ = {isa = PBXFileReference; lastKnownFileType = sourcecode.c.objc; path = _DTouchDemoUITests.m; sourceTree = "<group>"; };
		817FA1591EB255320060679F /* Info.plist */ = {isa = PBXFileReference; lastKnownFileType = text.plist.xml; path = Info.plist; sourceTree = "<group>"; };
		817FA1651EB256860060679F /* TouchViewController.h */ = {isa = PBXFileReference; fileEncoding = 4; lastKnownFileType = sourcecode.c.h; path = TouchViewController.h; sourceTree = "<group>"; };
		817FA1661EB256860060679F /* TouchViewController.m */ = {isa = PBXFileReference; fileEncoding = 4; lastKnownFileType = sourcecode.c.objc; path = TouchViewController.m; sourceTree = "<group>"; };
/* End PBXFileReference section */

/* Begin PBXFrameworksBuildPhase section */
		817FA12C1EB255320060679F /* Frameworks */ = {
			isa = PBXFrameworksBuildPhase;
			buildActionMask = 2147483647;
			files = (
			);
			runOnlyForDeploymentPostprocessing = 0;
		};
		817FA1451EB255320060679F /* Frameworks */ = {
			isa = PBXFrameworksBuildPhase;
			buildActionMask = 2147483647;
			files = (
			);
			runOnlyForDeploymentPostprocessing = 0;
		};
		817FA1501EB255320060679F /* Frameworks */ = {
			isa = PBXFrameworksBuildPhase;
			buildActionMask = 2147483647;
			files = (
			);
			runOnlyForDeploymentPostprocessing = 0;
		};
/* End PBXFrameworksBuildPhase section */

/* Begin PBXGroup section */
		817FA1261EB255320060679F = {
			isa = PBXGroup;
			children = (
				817FA1311EB255320060679F /* 3DTouchDemo */,
				817FA14B1EB255320060679F /* 3DTouchDemoTests */,
				817FA1561EB255320060679F /* 3DTouchDemoUITests */,
				817FA1301EB255320060679F /* Products */,
			);
			sourceTree = "<group>";
		};
		817FA1301EB255320060679F /* Products */ = {
			isa = PBXGroup;
			children = (
				817FA12F1EB255320060679F /* 3DTouchDemo.app */,
				817FA1481EB255320060679F /* 3DTouchDemoTests.xctest */,
				817FA1531EB255320060679F /* 3DTouchDemoUITests.xctest */,
			);
			name = Products;
			sourceTree = "<group>";
		};
		817FA1311EB255320060679F /* 3DTouchDemo */ = {
			isa = PBXGroup;
			children = (
				817FA1651EB256860060679F /* TouchViewController.h */,
				817FA1661EB256860060679F /* TouchViewController.m */,
				817FA1351EB255320060679F /* AppDelegate.h */,
				817FA1361EB255320060679F /* AppDelegate.m */,
				817FA1381EB255320060679F /* ViewController.h */,
				817FA1391EB255320060679F /* ViewController.m */,
				817FA13E1EB255320060679F /* Assets.xcassets */,
				817FA1431EB255320060679F /* Info.plist */,
				817FA1321EB255320060679F /* Supporting Files */,
			);
			path = 3DTouchDemo;
			sourceTree = "<group>";
		};
		817FA1321EB255320060679F /* Supporting Files */ = {
			isa = PBXGroup;
			children = (
				817FA1331EB255320060679F /* main.m */,
			);
			name = "Supporting Files";
			sourceTree = "<group>";
		};
		817FA14B1EB255320060679F /* 3DTouchDemoTests */ = {
			isa = PBXGroup;
			children = (
				817FA14C1EB255320060679F /* _DTouchDemoTests.m */,
				817FA14E1EB255320060679F /* Info.plist */,
			);
			path = 3DTouchDemoTests;
			sourceTree = "<group>";
		};
		817FA1561EB255320060679F /* 3DTouchDemoUITests */ = {
			isa = PBXGroup;
			children = (
				817FA1571EB255320060679F /* _DTouchDemoUITests.m */,
				817FA1591EB255320060679F /* Info.plist */,
			);
			path = 3DTouchDemoUITests;
			sourceTree = "<group>";
		};
/* End PBXGroup section */

/* Begin PBXNativeTarget section */
		817FA12E1EB255320060679F /* 3DTouchDemo */ = {
			isa = PBXNativeTarget;
			buildConfigurationList = 817FA15C1EB255320060679F /* Build configuration list for PBXNativeTarget "3DTouchDemo" */;
			buildPhases = (
				817FA12B1EB255320060679F /* Sources */,
				817FA12C1EB255320060679F /* Frameworks */,
				817FA12D1EB255320060679F /* Resources */,
			);
			buildRules = (
			);
			dependencies = (
			);
			name = 3DTouchDemo;
			productName = 3DTouchDemo;
			productReference = 817FA12F1EB255320060679F /* 3DTouchDemo.app */;
			productType = "com.apple.product-type.application";
		};
		817FA1471EB255320060679F /* 3DTouchDemoTests */ = {
			isa = PBXNativeTarget;
			buildConfigurationList = 817FA15F1EB255320060679F /* Build configuration list for PBXNativeTarget "3DTouchDemoTests" */;
			buildPhases = (
				817FA1441EB255320060679F /* Sources */,
				817FA1451EB255320060679F /* Frameworks */,
				817FA1461EB255320060679F /* Resources */,
			);
			buildRules = (
			);
			dependencies = (
				817FA14A1EB255320060679F /* PBXTargetDependency */,
			);
			name = 3DTouchDemoTests;
			productName = 3DTouchDemoTests;
			productReference = 817FA1481EB255320060679F /* 3DTouchDemoTests.xctest */;
			productType = "com.apple.product-type.bundle.unit-test";
		};
		817FA1521EB255320060679F /* 3DTouchDemoUITests */ = {
			isa = PBXNativeTarget;
			buildConfigurationList = 817FA1621EB255320060679F /* Build configuration list for PBXNativeTarget "3DTouchDemoUITests" */;
			buildPhases = (
				817FA14F1EB255320060679F /* Sources */,
				817FA1501EB255320060679F /* Frameworks */,
				817FA1511EB255320060679F /* Resources */,
			);
			buildRules = (
			);
			dependencies = (
				817FA1551EB255320060679F /* PBXTargetDependency */,
			);
			name = 3DTouchDemoUITests;
			productName = 3DTouchDemoUITests;
			productReference = 817FA1531EB255320060679F /* 3DTouchDemoUITests.xctest */;
			productType = "com.apple.product-type.bundle.ui-testing";
		};
/* End PBXNativeTarget section */

/* Begin PBXProject section */
		817FA1271EB255320060679F /* Project object */ = {
			isa = PBXProject;
			attributes = {
				LastUpgradeCheck = 0820;
				ORGANIZATIONNAME = "王恒求";
				TargetAttributes = {
					817FA12E1EB255320060679F = {
						CreatedOnToolsVersion = 8.2.1;
						DevelopmentTeam = 5SAVUT7Y96;
						ProvisioningStyle = Automatic;
					};
					817FA1471EB255320060679F = {
						CreatedOnToolsVersion = 8.2.1;
						ProvisioningStyle = Automatic;
						TestTargetID = 817FA12E1EB255320060679F;
					};
					817FA1521EB255320060679F = {
						CreatedOnToolsVersion = 8.2.1;
						ProvisioningStyle = Automatic;
						TestTargetID = 817FA12E1EB255320060679F;
					};
				};
			};
			buildConfigurationList = 817FA12A1EB255320060679F /* Build configuration list for PBXProject "3DTouchDemo" */;
			compatibilityVersion = "Xcode 3.2";
			developmentRegion = English;
			hasScannedForEncodings = 0;
			knownRegions = (
				en,
				Base,
			);
			mainGroup = 817FA1261EB255320060679F;
			productRefGroup = 817FA1301EB255320060679F /* Products */;
			projectDirPath = "";
			projectRoot = "";
			targets = (
				817FA12E1EB255320060679F /* 3DTouchDemo */,
				817FA1471EB255320060679F /* 3DTouchDemoTests */,
				817FA1521EB255320060679F /* 3DTouchDemoUITests */,
			);
		};
/* End PBXProject section */

/* Begin PBXResourcesBuildPhase section */
		817FA12D1EB255320060679F /* Resources */ = {
			isa = PBXResourcesBuildPhase;
			buildActionMask = 2147483647;
			files = (
				817FA13F1EB255320060679F /* Assets.xcassets in Resources */,
			);
			runOnlyForDeploymentPostprocessing = 0;
		};
		817FA1461EB255320060679F /* Resources */ = {
			isa = PBXResourcesBuildPhase;
			buildActionMask = 2147483647;
			files = (
			);
			runOnlyForDeploymentPostprocessing = 0;
		};
		817FA1511EB255320060679F /* Resources */ = {
			isa = PBXResourcesBuildPhase;
			buildActionMask = 2147483647;
			files = (
			);
			runOnlyForDeploymentPostprocessing = 0;
		};
/* End PBXResourcesBuildPhase section */

/* Begin PBXSourcesBuildPhase section */
		817FA12B1EB255320060679F /* Sources */ = {
			isa = PBXSourcesBuildPhase;
			buildActionMask = 2147483647;
			files = (
				817FA13A1EB255320060679F /* ViewController.m in Sources */,
				817FA1371EB255320060679F /* AppDelegate.m in Sources */,
				817FA1671EB256860060679F /* TouchViewController.m in Sources */,
				817FA1341EB255320060679F /* main.m in Sources */,
			);
			runOnlyForDeploymentPostprocessing = 0;
		};
		817FA1441EB255320060679F /* Sources */ = {
			isa = PBXSourcesBuildPhase;
			buildActionMask = 2147483647;
			files = (
				817FA14D1EB255320060679F /* _DTouchDemoTests.m in Sources */,
			);
			runOnlyForDeploymentPostprocessing = 0;
		};
		817FA14F1EB255320060679F /* Sources */ = {
			isa = PBXSourcesBuildPhase;
			buildActionMask = 2147483647;
			files = (
				817FA1581EB255320060679F /* _DTouchDemoUITests.m in Sources */,
			);
			runOnlyForDeploymentPostprocessing = 0;
		};
/* End PBXSourcesBuildPhase section */

/* Begin PBXTargetDependency section */
		817FA14A1EB255320060679F /* PBXTargetDependency */ = {
			isa = PBXTargetDependency;
			target = 817FA12E1EB255320060679F /* 3DTouchDemo */;
			targetProxy = 817FA1491EB255320060679F /* PBXContainerItemProxy */;
		};
		817FA1551EB255320060679F /* PBXTargetDependency */ = {
			isa = PBXTargetDependency;
			target = 817FA12E1EB255320060679F /* 3DTouchDemo */;
			targetProxy = 817FA1541EB255320060679F /* PBXContainerItemProxy */;
		};
/* End PBXTargetDependency section */

/* Begin XCBuildConfiguration section */
		817FA15A1EB255320060679F /* Debug */ = {
			isa = XCBuildConfiguration;
			buildSettings = {
				ALWAYS_SEARCH_USER_PATHS = NO;
				CLANG_ANALYZER_NONNULL = YES;
				CLANG_CXX_LANGUAGE_STANDARD = "gnu++0x";
				CLANG_CXX_LIBRARY = "libc++";
				CLANG_ENABLE_MODULES = YES;
				CLANG_ENABLE_OBJC_ARC = YES;
				CLANG_WARN_BOOL_CONVERSION = YES;
				CLANG_WARN_CONSTANT_CONVERSION = YES;
				CLANG_WARN_DIRECT_OBJC_ISA_USAGE = YES_ERROR;
				CLANG_WARN_DOCUMENTATION_COMMENTS = YES;
				CLANG_WARN_EMPTY_BODY = YES;
				CLANG_WARN_ENUM_CONVERSION = YES;
				CLANG_WARN_INFINITE_RECURSION = YES;
				CLANG_WARN_INT_CONVERSION = YES;
				CLANG_WARN_OBJC_ROOT_CLASS = YES_ERROR;
				CLANG_WARN_SUSPICIOUS_MOVE = YES;
				CLANG_WARN_UNREACHABLE_CODE = YES;
				CLANG_WARN__DUPLICATE_METHOD_MATCH = YES;
				"CODE_SIGN_IDENTITY[sdk=iphoneos*]" = "iPhone Developer";
				COPY_PHASE_STRIP = NO;
				DEBUG_INFORMATION_FORMAT = dwarf;
				ENABLE_STRICT_OBJC_MSGSEND = YES;
				ENABLE_TESTABILITY = YES;
				GCC_C_LANGUAGE_STANDARD = gnu99;
				GCC_DYNAMIC_NO_PIC = NO;
				GCC_NO_COMMON_BLOCKS = YES;
				GCC_OPTIMIZATION_LEVEL = 0;
				GCC_PREPROCESSOR_DEFINITIONS = (
					"DEBUG=1",
					"$(inherited)",
				);
				GCC_WARN_64_TO_32_BIT_CONVERSION = YES;
				GCC_WARN_ABOUT_RETURN_TYPE = YES_ERROR;
				GCC_WARN_UNDECLARED_SELECTOR = YES;
				GCC_WARN_UNINITIALIZED_AUTOS = YES_AGGRESSIVE;
				GCC_WARN_UNUSED_FUNCTION = YES;
				GCC_WARN_UNUSED_VARIABLE = YES;
				IPHONEOS_DEPLOYMENT_TARGET = 10.2;
				MTL_ENABLE_DEBUG_INFO = YES;
				ONLY_ACTIVE_ARCH = YES;
				SDKROOT = iphoneos;
				TARGETED_DEVICE_FAMILY = "1,2";
			};
			name = Debug;
		};
		817FA15B1EB255320060679F /* Release */ = {
			isa = XCBuildConfiguration;
			buildSettings = {
				ALWAYS_SEARCH_USER_PATHS = NO;
				CLANG_ANALYZER_NONNULL = YES;
				CLANG_CXX_LANGUAGE_STANDARD = "gnu++0x";
				CLANG_CXX_LIBRARY = "libc++";
				CLANG_ENABLE_MODULES = YES;
				CLANG_ENABLE_OBJC_ARC = YES;
				CLANG_WARN_BOOL_CONVERSION = YES;
				CLANG_WARN_CONSTANT_CONVERSION = YES;
				CLANG_WARN_DIRECT_OBJC_ISA_USAGE = YES_ERROR;
				CLANG_WARN_DOCUMENTATION_COMMENTS = YES;
				CLANG_WARN_EMPTY_BODY = YES;
				CLANG_WARN_ENUM_CONVERSION = YES;
				CLANG_WARN_INFINITE_RECURSION = YES;
				CLANG_WARN_INT_CONVERSION = YES;
				CLANG_WARN_OBJC_ROOT_CLASS = YES_ERROR;
				CLANG_WARN_SUSPICIOUS_MOVE = YES;
				CLANG_WARN_UNREACHABLE_CODE = YES;
				CLANG_WARN__DUPLICATE_METHOD_MATCH = YES;
				"CODE_SIGN_IDENTITY[sdk=iphoneos*]" = "iPhone Developer";
				COPY_PHASE_STRIP = NO;
				DEBUG_INFORMATION_FORMAT = "dwarf-with-dsym";
				ENABLE_NS_ASSERTIONS = NO;
				ENABLE_STRICT_OBJC_MSGSEND = YES;
				GCC_C_LANGUAGE_STANDARD = gnu99;
				GCC_NO_COMMON_BLOCKS = YES;
				GCC_WARN_64_TO_32_BIT_CONVERSION = YES;
				GCC_WARN_ABOUT_RETURN_TYPE = YES_ERROR;
				GCC_WARN_UNDECLARED_SELECTOR = YES;
				GCC_WARN_UNINITIALIZED_AUTOS = YES_AGGRESSIVE;
				GCC_WARN_UNUSED_FUNCTION = YES;
				GCC_WARN_UNUSED_VARIABLE = YES;
				IPHONEOS_DEPLOYMENT_TARGET = 10.2;
				MTL_ENABLE_DEBUG_INFO = NO;
				SDKROOT = iphoneos;
				TARGETED_DEVICE_FAMILY = "1,2";
				VALIDATE_PRODUCT = YES;
			};
			name = Release;
		};
		817FA15D1EB255320060679F /* Debug */ = {
			isa = XCBuildConfiguration;
			buildSettings = {
				ASSETCATALOG_COMPILER_APPICON_NAME = AppIcon;
				ASSETCATALOG_COMPILER_LAUNCHIMAGE_NAME = LaunchImage;
				"CODE_SIGN_IDENTITY[sdk=iphoneos*]" = "iPhone Developer";
				DEVELOPMENT_TEAM = 5SAVUT7Y96;
				INFOPLIST_FILE = 3DTouchDemo/Info.plist;
				LD_RUNPATH_SEARCH_PATHS = "$(inherited) @executable_path/Frameworks";
				PRODUCT_BUNDLE_IDENTIFIER = com.whq.test;
				PRODUCT_NAME = "$(TARGET_NAME)";
			};
			name = Debug;
		};
		817FA15E1EB255320060679F /* Release */ = {
			isa = XCBuildConfiguration;
			buildSettings = {
				ASSETCATALOG_COMPILER_APPICON_NAME = AppIcon;
				ASSETCATALOG_COMPILER_LAUNCHIMAGE_NAME = LaunchImage;
				"CODE_SIGN_IDENTITY[sdk=iphoneos*]" = "iPhone Developer";
				DEVELOPMENT_TEAM = 5SAVUT7Y96;
				INFOPLIST_FILE = 3DTouchDemo/Info.plist;
				LD_RUNPATH_SEARCH_PATHS = "$(inherited) @executable_path/Frameworks";
				PRODUCT_BUNDLE_IDENTIFIER = com.whq.test;
				PRODUCT_NAME = "$(TARGET_NAME)";
			};
			name = Release;
		};
		817FA1601EB255320060679F /* Debug */ = {
			isa = XCBuildConfiguration;
			buildSettings = {
				BUNDLE_LOADER = "$(TEST_HOST)";
				INFOPLIST_FILE = 3DTouchDemoTests/Info.plist;
				LD_RUNPATH_SEARCH_PATHS = "$(inherited) @executable_path/Frameworks @loader_path/Frameworks";
				PRODUCT_BUNDLE_IDENTIFIER = "com.whq.test.-DTouchDemoTests";
				PRODUCT_NAME = "$(TARGET_NAME)";
				TEST_HOST = "$(BUILT_PRODUCTS_DIR)/3DTouchDemo.app/3DTouchDemo";
			};
			name = Debug;
		};
		817FA1611EB255320060679F /* Release */ = {
			isa = XCBuildConfiguration;
			buildSettings = {
				BUNDLE_LOADER = "$(TEST_HOST)";
				INFOPLIST_FILE = 3DTouchDemoTests/Info.plist;
				LD_RUNPATH_SEARCH_PATHS = "$(inherited) @executable_path/Frameworks @loader_path/Frameworks";
				PRODUCT_BUNDLE_IDENTIFIER = "com.whq.test.-DTouchDemoTests";
				PRODUCT_NAME = "$(TARGET_NAME)";
				TEST_HOST = "$(BUILT_PRODUCTS_DIR)/3DTouchDemo.app/3DTouchDemo";
			};
			name = Release;
		};
		817FA1631EB255320060679F /* Debug */ = {
			isa = XCBuildConfiguration;
			buildSettings = {
				INFOPLIST_FILE = 3DTouchDemoUITests/Info.plist;
				LD_RUNPATH_SEARCH_PATHS = "$(inherited) @executable_path/Frameworks @loader_path/Frameworks";
				PRODUCT_BUNDLE_IDENTIFIER = "com.whq.test.-DTouchDemoUITests";
				PRODUCT_NAME = "$(TARGET_NAME)";
				TEST_TARGET_NAME = 3DTouchDemo;
			};
			name = Debug;
		};
		817FA1641EB255320060679F /* Release */ = {
			isa = XCBuildConfiguration;
			buildSettings = {
				INFOPLIST_FILE = 3DTouchDemoUITests/Info.plist;
				LD_RUNPATH_SEARCH_PATHS = "$(inherited) @executable_path/Frameworks @loader_path/Frameworks";
				PRODUCT_BUNDLE_IDENTIFIER = "com.whq.test.-DTouchDemoUITests";
				PRODUCT_NAME = "$(TARGET_NAME)";
				TEST_TARGET_NAME = 3DTouchDemo;
			};
			name = Release;
		};
/* End XCBuildConfiguration section */

/* Begin XCConfigurationList section */
		817FA12A1EB255320060679F /* Build configuration list for PBXProject "3DTouchDemo" */ = {
			isa = XCConfigurationList;
			buildConfigurations = (
				817FA15A1EB255320060679F /* Debug */,
				817FA15B1EB255320060679F /* Release */,
			);
			defaultConfigurationIsVisible = 0;
			defaultConfigurationName = Release;
		};
		817FA15C1EB255320060679F /* Build configuration list for PBXNativeTarget "3DTouchDemo" */ = {
			isa = XCConfigurationList;
			buildConfigurations = (
				817FA15D1EB255320060679F /* Debug */,
				817FA15E1EB255320060679F /* Release */,
			);
			defaultConfigurationIsVisible = 0;
		};
		817FA15F1EB255320060679F /* Build configuration list for PBXNativeTarget "3DTouchDemoTests" */ = {
			isa = XCConfigurationList;
			buildConfigurations = (
				817FA1601EB255320060679F /* Debug */,
				817FA1611EB255320060679F /* Release */,
			);
			defaultConfigurationIsVisible = 0;
		};
		817FA1621EB255320060679F /* Build configuration list for PBXNativeTarget "3DTouchDemoUITests" */ = {
			isa = XCConfigurationList;
			buildConfigurations = (
				817FA1631EB255320060679F /* Debug */,
				817FA1641EB255320060679F /* Release */,
			);
			defaultConfigurationIsVisible = 0;
		};
/* End XCConfigurationList section */
	};
	rootObject = 817FA1271EB255320060679F /* Project object */;
}
